
Microsoft Visual Studio Solution File, Format Version 12.00
# Visual Studio Version 16
VisualStudioVersion = 16.0.30413.136
MinimumVisualStudioVersion = 10.0.40219.1
Project("{FAE04EC0-301F-11D3-BF4B-00C04F79EFBC}") = "CategoryServiceSE1", "CategoryServiceSE1\CategoryServiceSE1.csproj", "{5F55FF86-74E4-48C8-88DC-D5185E465053}"
EndProject
Global
	GlobalSection(SolutionConfigurationPlatforms) = preSolution
		Debug|Any CPU = Debug|Any CPU
		Release|Any CPU = Release|Any CPU
	EndGlobalSection
	GlobalSection(ProjectConfigurationPlatforms) = postSolution
		{5F55FF86-74E4-48C8-88DC-D5185E465053}.Debug|Any CPU.ActiveCfg = Debug|Any CPU
		{5F55FF86-74E4-48C8-88DC-D5185E465053}.Debug|Any CPU.Build.0 = Debug|Any CPU
		{5F55FF86-74E4-48C8-88DC-D5185E465053}.Release|Any CPU.ActiveCfg = Release|Any CPU
		{5F55FF86-74E4-48C8-88DC-D5185E465053}.Release|Any CPU.Build.0 = Release|Any CPU
	EndGlobalSection
	GlobalSection(SolutionProperties) = preSolution
		HideSolutionNode = FALSE
	EndGlobalSection
	GlobalSection(ExtensibilityGlobals) = postSolution
		SolutionGuid = {F6381A2B-ACBE-4AAA-BE9F-8A5F83FDA8C6}
	EndGlobalSection
EndGlobal
